
Microsoft Visual Studio Solution File, Format Version 11.00
# Visual Studio 2010
Project("{FAE04EC0-301F-11D3-BF4B-00C04F79EFBC}") = "CSharpDemo", "CSharpDemo\CSharpDemo.csproj", "{D3B30BE0-0D2D-4287-99A8-6A340291A713}"
EndProject
Global
	GlobalSection(SolutionConfigurationPlatforms) = preSolution
		Debug|x86 = Debug|x86
		Release|x86 = Release|x86
	EndGlobalSection
	GlobalSection(ProjectConfigurationPlatforms) = postSolution
		{D3B30BE0-0D2D-4287-99A8-6A340291A713}.Debug|x86.ActiveCfg = Debug|x86
		{D3B30BE0-0D2D-4287-99A8-6A340291A713}.Debug|x86.Build.0 = Debug|x86
		{D3B30BE0-0D2D-4287-99A8-6A340291A713}.Release|x86.ActiveCfg = Release|x86
		{D3B30BE0-0D2D-4287-99A8-6A340291A713}.Release|x86.Build.0 = Release|x86
	EndGlobalSection
	GlobalSection(SolutionProperties) = preSolution
		HideSolutionNode = FALSE
	EndGlobalSection
EndGlobal
